// !$*UTF8*$!
{
	archiveVersion = 1;
	classes = {
	};
	objectVersion = 56;
	objects = {

/* Begin PBXBuildFile section */
		3C5027502C30408700A493F2 /* AppDelegate.swift in Sources */ = {isa = PBXBuildFile; fileRef = 3C50274F2C30408700A493F2 /* AppDelegate.swift */; };
		3C5027522C30408700A493F2 /* SceneDelegate.swift in Sources */ = {isa = PBXBuildFile; fileRef = 3C5027512C30408700A493F2 /* SceneDelegate.swift */; };
		3C5027542C30408700A493F2 /* ViewController.swift in Sources */ = {isa = PBXBuildFile; fileRef = 3C5027532C30408700A493F2 /* ViewController.swift */; };
		3C5027572C30408700A493F2 /* Base in Resources */ = {isa = PBXBuildFile; fileRef = 3C5027562C30408700A493F2 /* Base */; };
		3C5027592C30408900A493F2 /* Assets.xcassets in Resources */ = {isa = PBXBuildFile; fileRef = 3C5027582C30408900A493F2 /* Assets.xcassets */; };
		3C50275C2C30408900A493F2 /* Base in Resources */ = {isa = PBXBuildFile; fileRef = 3C50275B2C30408900A493F2 /* Base */; };
		3C5027672C30408900A493F2 /* UITableViewStoryBoardTests.swift in Sources */ = {isa = PBXBuildFile; fileRef = 3C5027662C30408900A493F2 /* UITableViewStoryBoardTests.swift */; };
		3C5027712C30408900A493F2 /* UITableViewStoryBoardUITests.swift in Sources */ = {isa = PBXBuildFile; fileRef = 3C5027702C30408900A493F2 /* UITableViewStoryBoardUITests.swift */; };
		3C5027732C30408900A493F2 /* UITableViewStoryBoardUITestsLaunchTests.swift in Sources */ = {isa = PBXBuildFile; fileRef = 3C5027722C30408900A493F2 /* UITableViewStoryBoardUITestsLaunchTests.swift */; };
/* End PBXBuildFile section */

/* Begin PBXContainerItemProxy section */
		3C5027632C30408900A493F2 /* PBXContainerItemProxy */ = {
			isa = PBXContainerItemProxy;
			containerPortal = 3C5027442C30408700A493F2 /* Project object */;
			proxyType = 1;
			remoteGlobalIDString = 3C50274B2C30408700A493F2;
			remoteInfo = UITableViewStoryBoard;
		};
		3C50276D2C30408900A493F2 /* PBXContainerItemProxy */ = {
			isa = PBXContainerItemProxy;
			containerPortal = 3C5027442C30408700A493F2 /* Project object */;
			proxyType = 1;
			remoteGlobalIDString = 3C50274B2C30408700A493F2;
			remoteInfo = UITableViewStoryBoard;
		};
/* End PBXContainerItemProxy section */

/* Begin PBXFileReference section */
		3C50274C2C30408700A493F2 /* UITableViewStoryBoard.app */ = {isa = PBXFileReference; explicitFileType = wrapper.application; includeInIndex = 0; path = UITableViewStoryBoard.app; sourceTree = BUILT_PRODUCTS_DIR; };
		3C50274F2C30408700A493F2 /* AppDelegate.swift */ = {isa = PBXFileReference; lastKnownFileType = sourcecode.swift; path = AppDelegate.swift; sourceTree = "<group>"; };
		3C5027512C30408700A493F2 /* SceneDelegate.swift */ = {isa = PBXFileReference; lastKnownFileType = sourcecode.swift; path = SceneDelegate.swift; sourceTree = "<group>"; };
		3C5027532C30408700A493F2 /* ViewController.swift */ = {isa = PBXFileReference; lastKnownFileType = sourcecode.swift; path = ViewController.swift; sourceTree = "<group>"; };
		3C5027562C30408700A493F2 /* Base */ = {isa = PBXFileReference; lastKnownFileType = file.storyboard; name = Base; path = Base.lproj/Main.storyboard; sourceTree = "<group>"; };
		3C5027582C30408900A493F2 /* Assets.xcassets */ = {isa = PBXFileReference; lastKnownFileType = folder.assetcatalog; path = Assets.xcassets; sourceTree = "<group>"; };
		3C50275B2C30408900A493F2 /* Base */ = {isa = PBXFileReference; lastKnownFileType = file.storyboard; name = Base; path = Base.lproj/LaunchScreen.storyboard; sourceTree = "<group>"; };
		3C50275D2C30408900A493F2 /* Info.plist */ = {isa = PBXFileReference; lastKnownFileType = text.plist.xml; path = Info.plist; sourceTree = "<group>"; };
		3C5027622C30408900A493F2 /* UITableViewStoryBoardTests.xctest */ = {isa = PBXFileReference; explicitFileType = wrapper.cfbundle; includeInIndex = 0; path = UITableViewStoryBoardTests.xctest; sourceTree = BUILT_PRODUCTS_DIR; };
		3C5027662C30408900A493F2 /* UITableViewStoryBoardTests.swift */ = {isa = PBXFileReference; lastKnownFileType = sourcecode.swift; path = UITableViewStoryBoardTests.swift; sourceTree = "<group>"; };
		3C50276C2C30408900A493F2 /* UITableViewStoryBoardUITests.xctest */ = {isa = PBXFileReference; explicitFileType = wrapper.cfbundle; includeInIndex = 0; path = UITableViewStoryBoardUITests.xctest; sourceTree = BUILT_PRODUCTS_DIR; };
		3C5027702C30408900A493F2 /* UITableViewStoryBoardUITests.swift */ = {isa = PBXFileReference; lastKnownFileType = sourcecode.swift; path = UITableViewStoryBoardUITests.swift; sourceTree = "<group>"; };
		3C5027722C30408900A493F2 /* UITableViewStoryBoardUITestsLaunchTests.swift */ = {isa = PBXFileReference; lastKnownFileType = sourcecode.swift; path = UITableViewStoryBoardUITestsLaunchTests.swift; sourceTree = "<group>"; };
/* End PBXFileReference section */

/* Begin PBXFrameworksBuildPhase section */
		3C5027492C30408700A493F2 /* Frameworks */ = {
			isa = PBXFrameworksBuildPhase;
			buildActionMask = 2147483647;
			files = (
			);
			runOnlyForDeploymentPostprocessing = 0;
		};
		3C50275F2C30408900A493F2 /* Frameworks */ = {
			isa = PBXFrameworksBuildPhase;
			buildActionMask = 2147483647;
			files = (
			);
			runOnlyForDeploymentPostprocessing = 0;
		};
		3C5027692C30408900A493F2 /* Frameworks */ = {
			isa = PBXFrameworksBuildPhase;
			buildActionMask = 2147483647;
			files = (
			);
			runOnlyForDeploymentPostprocessing = 0;
		};
/* End PBXFrameworksBuildPhase section */

/* Begin PBXGroup section */
		3C5027432C30408700A493F2 = {
			isa = PBXGroup;
			children = (
				3C50274E2C30408700A493F2 /* UITableViewStoryBoard */,
				3C5027652C30408900A493F2 /* UITableViewStoryBoardTests */,
				3C50276F2C30408900A493F2 /* UITableViewStoryBoardUITests */,
				3C50274D2C30408700A493F2 /* Products */,
			);
			sourceTree = "<group>";
		};
		3C50274D2C30408700A493F2 /* Products */ = {
			isa = PBXGroup;
			children = (
				3C50274C2C30408700A493F2 /* UITableViewStoryBoard.app */,
				3C5027622C30408900A493F2 /* UITableViewStoryBoardTests.xctest */,
				3C50276C2C30408900A493F2 /* UITableViewStoryBoardUITests.xctest */,
			);
			name = Products;
			sourceTree = "<group>";
		};
		3C50274E2C30408700A493F2 /* UITableViewStoryBoard */ = {
			isa = PBXGroup;
			children = (
				3C50274F2C30408700A493F2 /* AppDelegate.swift */,
				3C5027512C30408700A493F2 /* SceneDelegate.swift */,
				3C5027532C30408700A493F2 /* ViewController.swift */,
				3C5027552C30408700A493F2 /* Main.storyboard */,
				3C5027582C30408900A493F2 /* Assets.xcassets */,
				3C50275A2C30408900A493F2 /* LaunchScreen.storyboard */,
				3C50275D2C30408900A493F2 /* Info.plist */,
			);
			path = UITableViewStoryBoard;
			sourceTree = "<group>";
		};
		3C5027652C30408900A493F2 /* UITableViewStoryBoardTests */ = {
			isa = PBXGroup;
			children = (
				3C5027662C30408900A493F2 /* UITableViewStoryBoardTests.swift */,
			);
			path = UITableViewStoryBoardTests;
			sourceTree = "<group>";
		};
		3C50276F2C30408900A493F2 /* UITableViewStoryBoardUITests */ = {
			isa = PBXGroup;
			children = (
				3C5027702C30408900A493F2 /* UITableViewStoryBoardUITests.swift */,
				3C5027722C30408900A493F2 /* UITableViewStoryBoardUITestsLaunchTests.swift */,
			);
			path = UITableViewStoryBoardUITests;
			sourceTree = "<group>";
		};
/* End PBXGroup section */

/* Begin PBXNativeTarget section */
		3C50274B2C30408700A493F2 /* UITableViewStoryBoard */ = {
			isa = PBXNativeTarget;
			buildConfigurationList = 3C5027762C30408900A493F2 /* Build configuration list for PBXNativeTarget "UITableViewStoryBoard" */;
			buildPhases = (
				3C5027482C30408700A493F2 /* Sources */,
				3C5027492C30408700A493F2 /* Frameworks */,
				3C50274A2C30408700A493F2 /* Resources */,
			);
			buildRules = (
			);
			dependencies = (
			);
			name = UITableViewStoryBoard;
			productName = UITableViewStoryBoard;
			productReference = 3C50274C2C30408700A493F2 /* UITableViewStoryBoard.app */;
			productType = "com.apple.product-type.application";
		};
		3C5027612C30408900A493F2 /* UITableViewStoryBoardTests */ = {
			isa = PBXNativeTarget;
			buildConfigurationList = 3C5027792C30408900A493F2 /* Build configuration list for PBXNativeTarget "UITableViewStoryBoardTests" */;
			buildPhases = (
				3C50275E2C30408900A493F2 /* Sources */,
				3C50275F2C30408900A493F2 /* Frameworks */,
				3C5027602C30408900A493F2 /* Resources */,
			);
			buildRules = (
			);
			dependencies = (
				3C5027642C30408900A493F2 /* PBXTargetDependency */,
			);
			name = UITableViewStoryBoardTests;
			productName = UITableViewStoryBoardTests;
			productReference = 3C5027622C30408900A493F2 /* UITableViewStoryBoardTests.xctest */;
			productType = "com.apple.product-type.bundle.unit-test";
		};
		3C50276B2C30408900A493F2 /* UITableViewStoryBoardUITests */ = {
			isa = PBXNativeTarget;
			buildConfigurationList = 3C50277C2C30408900A493F2 /* Build configuration list for PBXNativeTarget "UITableViewStoryBoardUITests" */;
			buildPhases = (
				3C5027682C30408900A493F2 /* Sources */,
				3C5027692C30408900A493F2 /* Frameworks */,
				3C50276A2C30408900A493F2 /* Resources */,
			);
			buildRules = (
			);
			dependencies = (
				3C50276E2C30408900A493F2 /* PBXTargetDependency */,
			);
			name = UITableViewStoryBoardUITests;
			productName = UITableViewStoryBoardUITests;
			productReference = 3C50276C2C30408900A493F2 /* UITableViewStoryBoardUITests.xctest */;
			productType = "com.apple.product-type.bundle.ui-testing";
		};
/* End PBXNativeTarget section */

/* Begin PBXProject section */
		3C5027442C30408700A493F2 /* Project object */ = {
			isa = PBXProject;
			attributes = {
				BuildIndependentTargetsInParallel = 1;
				LastSwiftUpdateCheck = 1540;
				LastUpgradeCheck = 1540;
				TargetAttributes = {
					3C50274B2C30408700A493F2 = {
						CreatedOnToolsVersion = 15.4;
					};
					3C5027612C30408900A493F2 = {
						CreatedOnToolsVersion = 15.4;
						TestTargetID = 3C50274B2C30408700A493F2;
					};
					3C50276B2C30408900A493F2 = {
						CreatedOnToolsVersion = 15.4;
						TestTargetID = 3C50274B2C30408700A493F2;
					};
				};
			};
			buildConfigurationList = 3C5027472C30408700A493F2 /* Build configuration list for PBXProject "UITableViewStoryBoard" */;
			compatibilityVersion = "Xcode 14.0";
			developmentRegion = en;
			hasScannedForEncodings = 0;
			knownRegions = (
				en,
				Base,
			);
			mainGroup = 3C5027432C30408700A493F2;
			productRefGroup = 3C50274D2C30408700A493F2 /* Products */;
			projectDirPath = "";
			projectRoot = "";
			targets = (
				3C50274B2C30408700A493F2 /* UITableViewStoryBoard */,
				3C5027612C30408900A493F2 /* UITableViewStoryBoardTests */,
				3C50276B2C30408900A493F2 /* UITableViewStoryBoardUITests */,
			);
		};
/* End PBXProject section */

/* Begin PBXResourcesBuildPhase section */
		3C50274A2C30408700A493F2 /* Resources */ = {
			isa = PBXResourcesBuildPhase;
			buildActionMask = 2147483647;
			files = (
				3C5027592C30408900A493F2 /* Assets.xcassets in Resources */,
				3C50275C2C30408900A493F2 /* Base in Resources */,
				3C5027572C30408700A493F2 /* Base in Resources */,
			);
			runOnlyForDeploymentPostprocessing = 0;
		};
		3C5027602C30408900A493F2 /* Resources */ = {
			isa = PBXResourcesBuildPhase;
			buildActionMask = 2147483647;
			files = (
			);
			runOnlyForDeploymentPostprocessing = 0;
		};
		3C50276A2C30408900A493F2 /* Resources */ = {
			isa = PBXResourcesBuildPhase;
			buildActionMask = 2147483647;
			files = (
			);
			runOnlyForDeploymentPostprocessing = 0;
		};
/* End PBXResourcesBuildPhase section */

/* Begin PBXSourcesBuildPhase section */
		3C5027482C30408700A493F2 /* Sources */ = {
			isa = PBXSourcesBuildPhase;
			buildActionMask = 2147483647;
			files = (
				3C5027542C30408700A493F2 /* ViewController.swift in Sources */,
				3C5027502C30408700A493F2 /* AppDelegate.swift in Sources */,
				3C5027522C30408700A493F2 /* SceneDelegate.swift in Sources */,
			);
			runOnlyForDeploymentPostprocessing = 0;
		};
		3C50275E2C30408900A493F2 /* Sources */ = {
			isa = PBXSourcesBuildPhase;
			buildActionMask = 2147483647;
			files = (
				3C5027672C30408900A493F2 /* UITableViewStoryBoardTests.swift in Sources */,
			);
			runOnlyForDeploymentPostprocessing = 0;
		};
		3C5027682C30408900A493F2 /* Sources */ = {
			isa = PBXSourcesBuildPhase;
			buildActionMask = 2147483647;
			files = (
				3C5027712C30408900A493F2 /* UITableViewStoryBoardUITests.swift in Sources */,
				3C5027732C30408900A493F2 /* UITableViewStoryBoardUITestsLaunchTests.swift in Sources */,
			);
			runOnlyForDeploymentPostprocessing = 0;
		};
/* End PBXSourcesBuildPhase section */

/* Begin PBXTargetDependency section */
		3C5027642C30408900A493F2 /* PBXTargetDependency */ = {
			isa = PBXTargetDependency;
			target = 3C50274B2C30408700A493F2 /* UITableViewStoryBoard */;
			targetProxy = 3C5027632C30408900A493F2 /* PBXContainerItemProxy */;
		};
		3C50276E2C30408900A493F2 /* PBXTargetDependency */ = {
			isa = PBXTargetDependency;
			target = 3C50274B2C30408700A493F2 /* UITableViewStoryBoard */;
			targetProxy = 3C50276D2C30408900A493F2 /* PBXContainerItemProxy */;
		};
/* End PBXTargetDependency section */

/* Begin PBXVariantGroup section */
		3C5027552C30408700A493F2 /* Main.storyboard */ = {
			isa = PBXVariantGroup;
			children = (
				3C5027562C30408700A493F2 /* Base */,
			);
			name = Main.storyboard;
			sourceTree = "<group>";
		};
		3C50275A2C30408900A493F2 /* LaunchScreen.storyboard */ = {
			isa = PBXVariantGroup;
			children = (
				3C50275B2C30408900A493F2 /* Base */,
			);
			name = LaunchScreen.storyboard;
			sourceTree = "<group>";
		};
/* End PBXVariantGroup section */

/* Begin XCBuildConfiguration section */
		3C5027742C30408900A493F2 /* Debug */ = {
			isa = XCBuildConfiguration;
			buildSettings = {
				ALWAYS_SEARCH_USER_PATHS = NO;
				ASSETCATALOG_COMPILER_GENERATE_SWIFT_ASSET_SYMBOL_EXTENSIONS = YES;
				CLANG_ANALYZER_NONNULL = YES;
				CLANG_ANALYZER_NUMBER_OBJECT_CONVERSION = YES_AGGRESSIVE;
				CLANG_CXX_LANGUAGE_STANDARD = "gnu++20";
				CLANG_ENABLE_MODULES = YES;
				CLANG_ENABLE_OBJC_ARC = YES;
				CLANG_ENABLE_OBJC_WEAK = YES;
				CLANG_WARN_BLOCK_CAPTURE_AUTORELEASING = YES;
				CLANG_WARN_BOOL_CONVERSION = YES;
				CLANG_WARN_COMMA = YES;
				CLANG_WARN_CONSTANT_CONVERSION = YES;
				CLANG_WARN_DEPRECATED_OBJC_IMPLEMENTATIONS = YES;
				CLANG_WARN_DIRECT_OBJC_ISA_USAGE = YES_ERROR;
				CLANG_WARN_DOCUMENTATION_COMMENTS = YES;
				CLANG_WARN_EMPTY_BODY = YES;
				CLANG_WARN_ENUM_CONVERSION = YES;
				CLANG_WARN_INFINITE_RECURSION = YES;
				CLANG_WARN_INT_CONVERSION = YES;
				CLANG_WARN_NON_LITERAL_NULL_CONVERSION = YES;
				CLANG_WARN_OBJC_IMPLICIT_RETAIN_SELF = YES;
				CLANG_WARN_OBJC_LITERAL_CONVERSION = YES;
				CLANG_WARN_OBJC_ROOT_CLASS = YES_ERROR;
				CLANG_WARN_QUOTED_INCLUDE_IN_FRAMEWORK_HEADER = YES;
				CLANG_WARN_RANGE_LOOP_ANALYSIS = YES;
				CLANG_WARN_STRICT_PROTOTYPES = YES;
				CLANG_WARN_SUSPICIOUS_MOVE = YES;
				CLANG_WARN_UNGUARDED_AVAILABILITY = YES_AGGRESSIVE;
				CLANG_WARN_UNREACHABLE_CODE = YES;
				CLANG_WARN__DUPLICATE_METHOD_MATCH = YES;
				COPY_PHASE_STRIP = NO;
				DEBUG_INFORMATION_FORMAT = dwarf;
				ENABLE_STRICT_OBJC_MSGSEND = YES;
				ENABLE_TESTABILITY = YES;
				ENABLE_USER_SCRIPT_SANDBOXING = YES;
				GCC_C_LANGUAGE_STANDARD = gnu17;
				GCC_DYNAMIC_NO_PIC = NO;
				GCC_NO_COMMON_BLOCKS = YES;
				GCC_OPTIMIZATION_LEVEL = 0;
				GCC_PREPROCESSOR_DEFINITIONS = (
					"DEBUG=1",
					"$(inherited)",
				);
				GCC_WARN_64_TO_32_BIT_CONVERSION = YES;
				GCC_WARN_ABOUT_RETURN_TYPE = YES_ERROR;
				GCC_WARN_UNDECLARED_SELECTOR = YES;
				GCC_WARN_UNINITIALIZED_AUTOS = YES_AGGRESSIVE;
				GCC_WARN_UNUSED_FUNCTION = YES;
				GCC_WARN_UNUSED_VARIABLE = YES;
				IPHONEOS_DEPLOYMENT_TARGET = 17.5;
				LOCALIZATION_PREFERS_STRING_CATALOGS = YES;
				MTL_ENABLE_DEBUG_INFO = INCLUDE_SOURCE;
				MTL_FAST_MATH = YES;
				ONLY_ACTIVE_ARCH = YES;
				SDKROOT = iphoneos;
				SWIFT_ACTIVE_COMPILATION_CONDITIONS = "DEBUG $(inherited)";
				SWIFT_OPTIMIZATION_LEVEL = "-Onone";
			};
			name = Debug;
		};
		3C5027752C30408900A493F2 /* Release */ = {
			isa = XCBuildConfiguration;
			buildSettings = {
				ALWAYS_SEARCH_USER_PATHS = NO;
				ASSETCATALOG_COMPILER_GENERATE_SWIFT_ASSET_SYMBOL_EXTENSIONS = YES;
				CLANG_ANALYZER_NONNULL = YES;
				CLANG_ANALYZER_NUMBER_OBJECT_CONVERSION = YES_AGGRESSIVE;
				CLANG_CXX_LANGUAGE_STANDARD = "gnu++20";
				CLANG_ENABLE_MODULES = YES;
				CLANG_ENABLE_OBJC_ARC = YES;
				CLANG_ENABLE_OBJC_WEAK = YES;
				CLANG_WARN_BLOCK_CAPTURE_AUTORELEASING = YES;
				CLANG_WARN_BOOL_CONVERSION = YES;
				CLANG_WARN_COMMA = YES;
				CLANG_WARN_CONSTANT_CONVERSION = YES;
				CLANG_WARN_DEPRECATED_OBJC_IMPLEMENTATIONS = YES;
				CLANG_WARN_DIRECT_OBJC_ISA_USAGE = YES_ERROR;
				CLANG_WARN_DOCUMENTATION_COMMENTS = YES;
				CLANG_WARN_EMPTY_BODY = YES;
				CLANG_WARN_ENUM_CONVERSION = YES;
				CLANG_WARN_INFINITE_RECURSION = YES;
				CLANG_WARN_INT_CONVERSION = YES;
				CLANG_WARN_NON_LITERAL_NULL_CONVERSION = YES;
				CLANG_WARN_OBJC_IMPLICIT_RETAIN_SELF = YES;
				CLANG_WARN_OBJC_LITERAL_CONVERSION = YES;
				CLANG_WARN_OBJC_ROOT_CLASS = YES_ERROR;
				CLANG_WARN_QUOTED_INCLUDE_IN_FRAMEWORK_HEADER = YES;
				CLANG_WARN_RANGE_LOOP_ANALYSIS = YES;
				CLANG_WARN_STRICT_PROTOTYPES = YES;
				CLANG_WARN_SUSPICIOUS_MOVE = YES;
				CLANG_WARN_UNGUARDED_AVAILABILITY = YES_AGGRESSIVE;
				CLANG_WARN_UNREACHABLE_CODE = YES;
				CLANG_WARN__DUPLICATE_METHOD_MATCH = YES;
				COPY_PHASE_STRIP = NO;
				DEBUG_INFORMATION_FORMAT = "dwarf-with-dsym";
				ENABLE_NS_ASSERTIONS = NO;
				ENABLE_STRICT_OBJC_MSGSEND = YES;
				ENABLE_USER_SCRIPT_SANDBOXING = YES;
				GCC_C_LANGUAGE_STANDARD = gnu17;
				GCC_NO_COMMON_BLOCKS = YES;
				GCC_WARN_64_TO_32_BIT_CONVERSION = YES;
				GCC_WARN_ABOUT_RETURN_TYPE = YES_ERROR;
				GCC_WARN_UNDECLARED_SELECTOR = YES;
				GCC_WARN_UNINITIALIZED_AUTOS = YES_AGGRESSIVE;
				GCC_WARN_UNUSED_FUNCTION = YES;
				GCC_WARN_UNUSED_VARIABLE = YES;
				IPHONEOS_DEPLOYMENT_TARGET = 17.5;
				LOCALIZATION_PREFERS_STRING_CATALOGS = YES;
				MTL_ENABLE_DEBUG_INFO = NO;
				MTL_FAST_MATH = YES;
				SDKROOT = iphoneos;
				SWIFT_COMPILATION_MODE = wholemodule;
				VALIDATE_PRODUCT = YES;
			};
			name = Release;
		};
		3C5027772C30408900A493F2 /* Debug */ = {
			isa = XCBuildConfiguration;
			buildSettings = {
				ASSETCATALOG_COMPILER_APPICON_NAME = AppIcon;
				ASSETCATALOG_COMPILER_GLOBAL_ACCENT_COLOR_NAME = AccentColor;
				CODE_SIGN_STYLE = Automatic;
				CURRENT_PROJECT_VERSION = 1;
				DEVELOPMENT_TEAM = WY76NT69SQ;
				GENERATE_INFOPLIST_FILE = YES;
				INFOPLIST_FILE = UITableViewStoryBoard/Info.plist;
				INFOPLIST_KEY_UIApplicationSupportsIndirectInputEvents = YES;
				INFOPLIST_KEY_UILaunchStoryboardName = LaunchScreen;
				INFOPLIST_KEY_UIMainStoryboardFile = Main;
				INFOPLIST_KEY_UISupportedInterfaceOrientations_iPad = "UIInterfaceOrientationPortrait UIInterfaceOrientationPortraitUpsideDown UIInterfaceOrientationLandscapeLeft UIInterfaceOrientationLandscapeRight";
				INFOPLIST_KEY_UISupportedInterfaceOrientations_iPhone = "UIInterfaceOrientationPortrait UIInterfaceOrientationLandscapeLeft UIInterfaceOrientationLandscapeRight";
				LD_RUNPATH_SEARCH_PATHS = (
					"$(inherited)",
					"@executable_path/Frameworks",
				);
				MARKETING_VERSION = 1.0;
				PRODUCT_BUNDLE_IDENTIFIER = com.example.UITableViewStoryBoard;
				PRODUCT_NAME = "$(TARGET_NAME)";
				SWIFT_EMIT_LOC_STRINGS = YES;
				SWIFT_VERSION = 5.0;
				TARGETED_DEVICE_FAMILY = "1,2";
			};
			name = Debug;
		};
		3C5027782C30408900A493F2 /* Release */ = {
			isa = XCBuildConfiguration;
			buildSettings = {
				ASSETCATALOG_COMPILER_APPICON_NAME = AppIcon;
				ASSETCATALOG_COMPILER_GLOBAL_ACCENT_COLOR_NAME = AccentColor;
				CODE_SIGN_STYLE = Automatic;
				CURRENT_PROJECT_VERSION = 1;
				DEVELOPMENT_TEAM = WY76NT69SQ;
				GENERATE_INFOPLIST_FILE = YES;
				INFOPLIST_FILE = UITableViewStoryBoard/Info.plist;
				INFOPLIST_KEY_UIApplicationSupportsIndirectInputEvents = YES;
				INFOPLIST_KEY_UILaunchStoryboardName = LaunchScreen;
				INFOPLIST_KEY_UIMainStoryboardFile = Main;
				INFOPLIST_KEY_UISupportedInterfaceOrientations_iPad = "UIInterfaceOrientationPortrait UIInterfaceOrientationPortraitUpsideDown UIInterfaceOrientationLandscapeLeft UIInterfaceOrientationLandscapeRight";
				INFOPLIST_KEY_UISupportedInterfaceOrientations_iPhone = "UIInterfaceOrientationPortrait UIInterfaceOrientationLandscapeLeft UIInterfaceOrientationLandscapeRight";
				LD_RUNPATH_SEARCH_PATHS = (
					"$(inherited)",
					"@executable_path/Frameworks",
				);
				MARKETING_VERSION = 1.0;
				PRODUCT_BUNDLE_IDENTIFIER = com.example.UITableViewStoryBoard;
				PRODUCT_NAME = "$(TARGET_NAME)";
				SWIFT_EMIT_LOC_STRINGS = YES;
				SWIFT_VERSION = 5.0;
				TARGETED_DEVICE_FAMILY = "1,2";
			};
			name = Release;
		};
		3C50277A2C30408900A493F2 /* Debug */ = {
			isa = XCBuildConfiguration;
			buildSettings = {
				ALWAYS_EMBED_SWIFT_STANDARD_LIBRARIES = YES;
				BUNDLE_LOADER = "$(TEST_HOST)";
				CODE_SIGN_STYLE = Automatic;
				CURRENT_PROJECT_VERSION = 1;
				DEVELOPMENT_TEAM = WY76NT69SQ;
				GENERATE_INFOPLIST_FILE = YES;
				IPHONEOS_DEPLOYMENT_TARGET = 17.5;
				MARKETING_VERSION = 1.0;
				PRODUCT_BUNDLE_IDENTIFIER = com.example.UITableViewStoryBoardTests;
				PRODUCT_NAME = "$(TARGET_NAME)";
				SWIFT_EMIT_LOC_STRINGS = NO;
				SWIFT_VERSION = 5.0;
				TARGETED_DEVICE_FAMILY = "1,2";
				TEST_HOST = "$(BUILT_PRODUCTS_DIR)/UITableViewStoryBoard.app/$(BUNDLE_EXECUTABLE_FOLDER_PATH)/UITableViewStoryBoard";
			};
			name = Debug;
		};
		3C50277B2C30408900A493F2 /* Release */ = {
			isa = XCBuildConfiguration;
			buildSettings = {
				ALWAYS_EMBED_SWIFT_STANDARD_LIBRARIES = YES;
				BUNDLE_LOADER = "$(TEST_HOST)";
				CODE_SIGN_STYLE = Automatic;
				CURRENT_PROJECT_VERSION = 1;
				DEVELOPMENT_TEAM = WY76NT69SQ;
				GENERATE_INFOPLIST_FILE = YES;
				IPHONEOS_DEPLOYMENT_TARGET = 17.5;
				MARKETING_VERSION = 1.0;
				PRODUCT_BUNDLE_IDENTIFIER = com.example.UITableViewStoryBoardTests;
				PRODUCT_NAME = "$(TARGET_NAME)";
				SWIFT_EMIT_LOC_STRINGS = NO;
				SWIFT_VERSION = 5.0;
				TARGETED_DEVICE_FAMILY = "1,2";
				TEST_HOST = "$(BUILT_PRODUCTS_DIR)/UITableViewStoryBoard.app/$(BUNDLE_EXECUTABLE_FOLDER_PATH)/UITableViewStoryBoard";
			};
			name = Release;
		};
		3C50277D2C30408900A493F2 /* Debug */ = {
			isa = XCBuildConfiguration;
			buildSettings = {
				ALWAYS_EMBED_SWIFT_STANDARD_LIBRARIES = YES;
				CODE_SIGN_STYLE = Automatic;
				CURRENT_PROJECT_VERSION = 1;
				DEVELOPMENT_TEAM = WY76NT69SQ;
				GENERATE_INFOPLIST_FILE = YES;
				MARKETING_VERSION = 1.0;
				PRODUCT_BUNDLE_IDENTIFIER = com.example.UITableViewStoryBoardUITests;
				PRODUCT_NAME = "$(TARGET_NAME)";
				SWIFT_EMIT_LOC_STRINGS = NO;
				SWIFT_VERSION = 5.0;
				TARGETED_DEVICE_FAMILY = "1,2";
				TEST_TARGET_NAME = UITableViewStoryBoard;
			};
			name = Debug;
		};
		3C50277E2C30408900A493F2 /* Release */ = {
			isa = XCBuildConfiguration;
			buildSettings = {
				ALWAYS_EMBED_SWIFT_STANDARD_LIBRARIES = YES;
				CODE_SIGN_STYLE = Automatic;
				CURRENT_PROJECT_VERSION = 1;
				DEVELOPMENT_TEAM = WY76NT69SQ;
				GENERATE_INFOPLIST_FILE = YES;
				MARKETING_VERSION = 1.0;
				PRODUCT_BUNDLE_IDENTIFIER = com.example.UITableViewStoryBoardUITests;
				PRODUCT_NAME = "$(TARGET_NAME)";
				SWIFT_EMIT_LOC_STRINGS = NO;
				SWIFT_VERSION = 5.0;
				TARGETED_DEVICE_FAMILY = "1,2";
				TEST_TARGET_NAME = UITableViewStoryBoard;
			};
			name = Release;
		};
/* End XCBuildConfiguration section */

/* Begin XCConfigurationList section */
		3C5027472C30408700A493F2 /* Build configuration list for PBXProject "UITableViewStoryBoard" */ = {
			isa = XCConfigurationList;
			buildConfigurations = (
				3C5027742C30408900A493F2 /* Debug */,
				3C5027752C30408900A493F2 /* Release */,
			);
			defaultConfigurationIsVisible = 0;
			defaultConfigurationName = Release;
		};
		3C5027762C30408900A493F2 /* Build configuration list for PBXNativeTarget "UITableViewStoryBoard" */ = {
			isa = XCConfigurationList;
			buildConfigurations = (
				3C5027772C30408900A493F2 /* Debug */,
				3C5027782C30408900A493F2 /* Release */,
			);
			defaultConfigurationIsVisible = 0;
			defaultConfigurationName = Release;
		};
		3C5027792C30408900A493F2 /* Build configuration list for PBXNativeTarget "UITableViewStoryBoardTests" */ = {
			isa = XCConfigurationList;
			buildConfigurations = (
				3C50277A2C30408900A493F2 /* Debug */,
				3C50277B2C30408900A493F2 /* Release */,
			);
			defaultConfigurationIsVisible = 0;
			defaultConfigurationName = Release;
		};
		3C50277C2C30408900A493F2 /* Build configuration list for PBXNativeTarget "UITableViewStoryBoardUITests" */ = {
			isa = XCConfigurationList;
			buildConfigurations = (
				3C50277D2C30408900A493F2 /* Debug */,
				3C50277E2C30408900A493F2 /* Release */,
			);
			defaultConfigurationIsVisible = 0;
			defaultConfigurationName = Release;
		};
/* End XCConfigurationList section */
	};
	rootObject = 3C5027442C30408700A493F2 /* Project object */;
}
